// !$*UTF8*$!
{
	archiveVersion = 1;
	classes = {
	};
	objectVersion = 46;
	objects = {

/* Begin PBXBuildFile section */
		B20FA3061D052C4A003973E7 /* main.m in Sources */ = {isa = PBXBuildFile; fileRef = B20FA3051D052C4A003973E7 /* main.m */; };
		B20FA3091D052C4A003973E7 /* AppDelegate.m in Sources */ = {isa = PBXBuildFile; fileRef = B20FA3081D052C4A003973E7 /* AppDelegate.m */; };
		B20FA30C1D052C4A003973E7 /* ViewController.m in Sources */ = {isa = PBXBuildFile; fileRef = B20FA30B1D052C4A003973E7 /* ViewController.m */; };
		B20FA30F1D052C4A003973E7 /* Main.storyboard in Resources */ = {isa = PBXBuildFile; fileRef = B20FA30D1D052C4A003973E7 /* Main.storyboard */; };
		B20FA3111D052C4A003973E7 /* Assets.xcassets in Resources */ = {isa = PBXBuildFile; fileRef = B20FA3101D052C4A003973E7 /* Assets.xcassets */; };
		B20FA3141D052C4A003973E7 /* LaunchScreen.storyboard in Resources */ = {isa = PBXBuildFile; fileRef = B20FA3121D052C4A003973E7 /* LaunchScreen.storyboard */; };
		B20FA31F1D052CB4003973E7 /* EEJMenuItem.m in Sources */ = {isa = PBXBuildFile; fileRef = B20FA31C1D052CB4003973E7 /* EEJMenuItem.m */; };
		B20FA3201D052CB4003973E7 /* EEJSelectMenu.m in Sources */ = {isa = PBXBuildFile; fileRef = B20FA31E1D052CB4003973E7 /* EEJSelectMenu.m */; };
/* End PBXBuildFile section */

/* Begin PBXFileReference section */
		B20FA3011D052C4A003973E7 /* Demo.app */ = {isa = PBXFileReference; explicitFileType = wrapper.application; includeInIndex = 0; path = Demo.app; sourceTree = BUILT_PRODUCTS_DIR; };
		B20FA3051D052C4A003973E7 /* main.m */ = {isa = PBXFileReference; lastKnownFileType = sourcecode.c.objc; path = main.m; sourceTree = "<group>"; };
		B20FA3071D052C4A003973E7 /* AppDelegate.h */ = {isa = PBXFileReference; lastKnownFileType = sourcecode.c.h; path = AppDelegate.h; sourceTree = "<group>"; };
		B20FA3081D052C4A003973E7 /* AppDelegate.m */ = {isa = PBXFileReference; lastKnownFileType = sourcecode.c.objc; path = AppDelegate.m; sourceTree = "<group>"; };
		B20FA30A1D052C4A003973E7 /* ViewController.h */ = {isa = PBXFileReference; lastKnownFileType = sourcecode.c.h; path = ViewController.h; sourceTree = "<group>"; };
		B20FA30B1D052C4A003973E7 /* ViewController.m */ = {isa = PBXFileReference; lastKnownFileType = sourcecode.c.objc; path = ViewController.m; sourceTree = "<group>"; };
		B20FA30E1D052C4A003973E7 /* Base */ = {isa = PBXFileReference; lastKnownFileType = file.storyboard; name = Base; path = Base.lproj/Main.storyboard; sourceTree = "<group>"; };
		B20FA3101D052C4A003973E7 /* Assets.xcassets */ = {isa = PBXFileReference; lastKnownFileType = folder.assetcatalog; path = Assets.xcassets; sourceTree = "<group>"; };
		B20FA3131D052C4A003973E7 /* Base */ = {isa = PBXFileReference; lastKnownFileType = file.storyboard; name = Base; path = Base.lproj/LaunchScreen.storyboard; sourceTree = "<group>"; };
		B20FA3151D052C4A003973E7 /* Info.plist */ = {isa = PBXFileReference; lastKnownFileType = text.plist.xml; path = Info.plist; sourceTree = "<group>"; };
		B20FA31B1D052CB4003973E7 /* EEJMenuItem.h */ = {isa = PBXFileReference; fileEncoding = 4; lastKnownFileType = sourcecode.c.h; path = EEJMenuItem.h; sourceTree = "<group>"; };
		B20FA31C1D052CB4003973E7 /* EEJMenuItem.m */ = {isa = PBXFileReference; fileEncoding = 4; lastKnownFileType = sourcecode.c.objc; path = EEJMenuItem.m; sourceTree = "<group>"; };
		B20FA31D1D052CB4003973E7 /* EEJSelectMenu.h */ = {isa = PBXFileReference; fileEncoding = 4; lastKnownFileType = sourcecode.c.h; path = EEJSelectMenu.h; sourceTree = "<group>"; };
		B20FA31E1D052CB4003973E7 /* EEJSelectMenu.m */ = {isa = PBXFileReference; fileEncoding = 4; lastKnownFileType = sourcecode.c.objc; path = EEJSelectMenu.m; sourceTree = "<group>"; };
/* End PBXFileReference section */

/* Begin PBXFrameworksBuildPhase section */
		B20FA2FE1D052C4A003973E7 /* Frameworks */ = {
			isa = PBXFrameworksBuildPhase;
			buildActionMask = 2147483647;
			files = (
			);
			runOnlyForDeploymentPostprocessing = 0;
		};
/* End PBXFrameworksBuildPhase section */

/* Begin PBXGroup section */
		B20FA2F81D052C4A003973E7 = {
			isa = PBXGroup;
			children = (
				B20FA3031D052C4A003973E7 /* Demo */,
				B20FA3021D052C4A003973E7 /* Products */,
			);
			sourceTree = "<group>";
		};
		B20FA3021D052C4A003973E7 /* Products */ = {
			isa = PBXGroup;
			children = (
				B20FA3011D052C4A003973E7 /* Demo.app */,
			);
			name = Products;
			sourceTree = "<group>";
		};
		B20FA3031D052C4A003973E7 /* Demo */ = {
			isa = PBXGroup;
			children = (
				B20FA3071D052C4A003973E7 /* AppDelegate.h */,
				B20FA3081D052C4A003973E7 /* AppDelegate.m */,
				B20FA30A1D052C4A003973E7 /* ViewController.h */,
				B20FA30B1D052C4A003973E7 /* ViewController.m */,
				B20FA30D1D052C4A003973E7 /* Main.storyboard */,
				B20FA3211D054288003973E7 /* Source */,
				B20FA3101D052C4A003973E7 /* Assets.xcassets */,
				B20FA3121D052C4A003973E7 /* LaunchScreen.storyboard */,
				B20FA3151D052C4A003973E7 /* Info.plist */,
				B20FA3041D052C4A003973E7 /* Supporting Files */,
			);
			path = Demo;
			sourceTree = "<group>";
		};
		B20FA3041D052C4A003973E7 /* Supporting Files */ = {
			isa = PBXGroup;
			children = (
				B20FA3051D052C4A003973E7 /* main.m */,
			);
			name = "Supporting Files";
			sourceTree = "<group>";
		};
		B20FA3211D054288003973E7 /* Source */ = {
			isa = PBXGroup;
			children = (
				B20FA31B1D052CB4003973E7 /* EEJMenuItem.h */,
				B20FA31C1D052CB4003973E7 /* EEJMenuItem.m */,
				B20FA31D1D052CB4003973E7 /* EEJSelectMenu.h */,
				B20FA31E1D052CB4003973E7 /* EEJSelectMenu.m */,
			);
			name = Source;
			sourceTree = "<group>";
		};
/* End PBXGroup section */

/* Begin PBXNativeTarget section */
		B20FA3001D052C4A003973E7 /* Demo */ = {
			isa = PBXNativeTarget;
			buildConfigurationList = B20FA3181D052C4A003973E7 /* Build configuration list for PBXNativeTarget "Demo" */;
			buildPhases = (
				B20FA2FD1D052C4A003973E7 /* Sources */,
				B20FA2FE1D052C4A003973E7 /* Frameworks */,
				B20FA2FF1D052C4A003973E7 /* Resources */,
			);
			buildRules = (
			);
			dependencies = (
			);
			name = Demo;
			productName = Demo;
			productReference = B20FA3011D052C4A003973E7 /* Demo.app */;
			productType = "com.apple.product-type.application";
		};
/* End PBXNativeTarget section */

/* Begin PBXProject section */
		B20FA2F91D052C4A003973E7 /* Project object */ = {
			isa = PBXProject;
			attributes = {
				LastUpgradeCheck = 0730;
				ORGANIZATIONNAME = "Ehsan Jahromi";
				TargetAttributes = {
					B20FA3001D052C4A003973E7 = {
						CreatedOnToolsVersion = 7.3.1;
					};
				};
			};
			buildConfigurationList = B20FA2FC1D052C4A003973E7 /* Build configuration list for PBXProject "Demo" */;
			compatibilityVersion = "Xcode 3.2";
			developmentRegion = English;
			hasScannedForEncodings = 0;
			knownRegions = (
				en,
				Base,
			);
			mainGroup = B20FA2F81D052C4A003973E7;
			productRefGroup = B20FA3021D052C4A003973E7 /* Products */;
			projectDirPath = "";
			projectRoot = "";
			targets = (
				B20FA3001D052C4A003973E7 /* Demo */,
			);
		};
/* End PBXProject section */

/* Begin PBXResourcesBuildPhase section */
		B20FA2FF1D052C4A003973E7 /* Resources */ = {
			isa = PBXResourcesBuildPhase;
			buildActionMask = 2147483647;
			files = (
				B20FA3141D052C4A003973E7 /* LaunchScreen.storyboard in Resources */,
				B20FA3111D052C4A003973E7 /* Assets.xcassets in Resources */,
				B20FA30F1D052C4A003973E7 /* Main.storyboard in Resources */,
			);
			runOnlyForDeploymentPostprocessing = 0;
		};
/* End PBXResourcesBuildPhase section */

/* Begin PBXSourcesBuildPhase section */
		B20FA2FD1D052C4A003973E7 /* Sources */ = {
			isa = PBXSourcesBuildPhase;
			buildActionMask = 2147483647;
			files = (
				B20FA31F1D052CB4003973E7 /* EEJMenuItem.m in Sources */,
				B20FA30C1D052C4A003973E7 /* ViewController.m in Sources */,
				B20FA3201D052CB4003973E7 /* EEJSelectMenu.m in Sources */,
				B20FA3091D052C4A003973E7 /* AppDelegate.m in Sources */,
				B20FA3061D052C4A003973E7 /* main.m in Sources */,
			);
			runOnlyForDeploymentPostprocessing = 0;
		};
/* End PBXSourcesBuildPhase section */

/* Begin PBXVariantGroup section */
		B20FA30D1D052C4A003973E7 /* Main.storyboard */ = {
			isa = PBXVariantGroup;
			children = (
				B20FA30E1D052C4A003973E7 /* Base */,
			);
			name = Main.storyboard;
			sourceTree = "<group>";
		};
		B20FA3121D052C4A003973E7 /* LaunchScreen.storyboard */ = {
			isa = PBXVariantGroup;
			children = (
				B20FA3131D052C4A003973E7 /* Base */,
			);
			name = LaunchScreen.storyboard;
			sourceTree = "<group>";
		};
/* End PBXVariantGroup section */

/* Begin XCBuildConfiguration section */
		B20FA3161D052C4A003973E7 /* Debug */ = {
			isa = XCBuildConfiguration;
			buildSettings = {
				ALWAYS_SEARCH_USER_PATHS = NO;
				CLANG_ANALYZER_NONNULL = YES;
				CLANG_CXX_LANGUAGE_STANDARD = "gnu++0x";
				CLANG_CXX_LIBRARY = "libc++";
				CLANG_ENABLE_MODULES = YES;
				CLANG_ENABLE_OBJC_ARC = YES;
				CLANG_WARN_BOOL_CONVERSION = YES;
				CLANG_WARN_CONSTANT_CONVERSION = YES;
				CLANG_WARN_DIRECT_OBJC_ISA_USAGE = YES_ERROR;
				CLANG_WARN_EMPTY_BODY = YES;
				CLANG_WARN_ENUM_CONVERSION = YES;
				CLANG_WARN_INT_CONVERSION = YES;
				CLANG_WARN_OBJC_ROOT_CLASS = YES_ERROR;
				CLANG_WARN_UNREACHABLE_CODE = YES;
				CLANG_WARN__DUPLICATE_METHOD_MATCH = YES;
				"CODE_SIGN_IDENTITY[sdk=iphoneos*]" = "iPhone Developer";
				COPY_PHASE_STRIP = NO;
				DEBUG_INFORMATION_FORMAT = dwarf;
				ENABLE_STRICT_OBJC_MSGSEND = YES;
				ENABLE_TESTABILITY = YES;
				GCC_C_LANGUAGE_STANDARD = gnu99;
				GCC_DYNAMIC_NO_PIC = NO;
				GCC_NO_COMMON_BLOCKS = YES;
				GCC_OPTIMIZATION_LEVEL = 0;
				GCC_PREPROCESSOR_DEFINITIONS = (
					"DEBUG=1",
					"$(inherited)",
				);
				GCC_WARN_64_TO_32_BIT_CONVERSION = YES;
				GCC_WARN_ABOUT_RETURN_TYPE = YES_ERROR;
				GCC_WARN_UNDECLARED_SELECTOR = YES;
				GCC_WARN_UNINITIALIZED_AUTOS = YES_AGGRESSIVE;
				GCC_WARN_UNUSED_FUNCTION = YES;
				GCC_WARN_UNUSED_VARIABLE = YES;
				IPHONEOS_DEPLOYMENT_TARGET = 9.3;
				MTL_ENABLE_DEBUG_INFO = YES;
				ONLY_ACTIVE_ARCH = YES;
				SDKROOT = iphoneos;
			};
			name = Debug;
		};
		B20FA3171D052C4A003973E7 /* Release */ = {
			isa = XCBuildConfiguration;
			buildSettings = {
				ALWAYS_SEARCH_USER_PATHS = NO;
				CLANG_ANALYZER_NONNULL = YES;
				CLANG_CXX_LANGUAGE_STANDARD = "gnu++0x";
				CLANG_CXX_LIBRARY = "libc++";
				CLANG_ENABLE_MODULES = YES;
				CLANG_ENABLE_OBJC_ARC = YES;
				CLANG_WARN_BOOL_CONVERSION = YES;
				CLANG_WARN_CONSTANT_CONVERSION = YES;
				CLANG_WARN_DIRECT_OBJC_ISA_USAGE = YES_ERROR;
				CLANG_WARN_EMPTY_BODY = YES;
				CLANG_WARN_ENUM_CONVERSION = YES;
				CLANG_WARN_INT_CONVERSION = YES;
				CLANG_WARN_OBJC_ROOT_CLASS = YES_ERROR;
				CLANG_WARN_UNREACHABLE_CODE = YES;
				CLANG_WARN__DUPLICATE_METHOD_MATCH = YES;
				"CODE_SIGN_IDENTITY[sdk=iphoneos*]" = "iPhone Developer";
				COPY_PHASE_STRIP = NO;
				DEBUG_INFORMATION_FORMAT = "dwarf-with-dsym";
				ENABLE_NS_ASSERTIONS = NO;
				ENABLE_STRICT_OBJC_MSGSEND = YES;
				GCC_C_LANGUAGE_STANDARD = gnu99;
				GCC_NO_COMMON_BLOCKS = YES;
				GCC_WARN_64_TO_32_BIT_CONVERSION = YES;
				GCC_WARN_ABOUT_RETURN_TYPE = YES_ERROR;
				GCC_WARN_UNDECLARED_SELECTOR = YES;
				GCC_WARN_UNINITIALIZED_AUTOS = YES_AGGRESSIVE;
				GCC_WARN_UNUSED_FUNCTION = YES;
				GCC_WARN_UNUSED_VARIABLE = YES;
				IPHONEOS_DEPLOYMENT_TARGET = 9.3;
				MTL_ENABLE_DEBUG_INFO = NO;
				SDKROOT = iphoneos;
				VALIDATE_PRODUCT = YES;
			};
			name = Release;
		};
		B20FA3191D052C4A003973E7 /* Debug */ = {
			isa = XCBuildConfiguration;
			buildSettings = {
				ASSETCATALOG_COMPILER_APPICON_NAME = AppIcon;
				INFOPLIST_FILE = Demo/Info.plist;
				IPHONEOS_DEPLOYMENT_TARGET = 8.0;
				LD_RUNPATH_SEARCH_PATHS = "$(inherited) @executable_path/Frameworks";
				PRODUCT_BUNDLE_IDENTIFIER = com.ehsanjahromi.Demo;
				PRODUCT_NAME = "$(TARGET_NAME)";
			};
			name = Debug;
		};
		B20FA31A1D052C4A003973E7 /* Release */ = {
			isa = XCBuildConfiguration;
			buildSettings = {
				ASSETCATALOG_COMPILER_APPICON_NAME = AppIcon;
				INFOPLIST_FILE = Demo/Info.plist;
				IPHONEOS_DEPLOYMENT_TARGET = 8.0;
				LD_RUNPATH_SEARCH_PATHS = "$(inherited) @executable_path/Frameworks";
				PRODUCT_BUNDLE_IDENTIFIER = com.ehsanjahromi.Demo;
				PRODUCT_NAME = "$(TARGET_NAME)";
			};
			name = Release;
		};
/* End XCBuildConfiguration section */

/* Begin XCConfigurationList section */
		B20FA2FC1D052C4A003973E7 /* Build configuration list for PBXProject "Demo" */ = {
			isa = XCConfigurationList;
			buildConfigurations = (
				B20FA3161D052C4A003973E7 /* Debug */,
				B20FA3171D052C4A003973E7 /* Release */,
			);
			defaultConfigurationIsVisible = 0;
			defaultConfigurationName = Release;
		};
		B20FA3181D052C4A003973E7 /* Build configuration list for PBXNativeTarget "Demo" */ = {
			isa = XCConfigurationList;
			buildConfigurations = (
				B20FA3191D052C4A003973E7 /* Debug */,
				B20FA31A1D052C4A003973E7 /* Release */,
			);
			defaultConfigurationIsVisible = 0;
		};
/* End XCConfigurationList section */
	};
	rootObject = B20FA2F91D052C4A003973E7 /* Project object */;
}
